// !$*UTF8*$!
{
	archiveVersion = 1;
	classes = {
	};
	objectVersion = 60;
	objects = {

/* Begin PBXBuildFile section */
		00E357001AD99517003FC87E /* NativeChat in Frameworks */ = {isa = PBXBuildFile; productRef = 081B1C62D4C7E5F6EC724606 /* NativeChat */; };
		00E357011AD99517003FC87E /* TestSupport.swift in Sources */ = {isa = PBXBuildFile; fileRef = 00E356F71AD99517003FC87E /* TestSupport.swift */; };
		00E357021AD99517003FC87E /* SettingsStoreTests.swift in Sources */ = {isa = PBXBuildFile; fileRef = 00E356F81AD99517003FC87E /* SettingsStoreTests.swift */; };
		00E357031AD99517003FC87E /* APIKeyStoreTests.swift in Sources */ = {isa = PBXBuildFile; fileRef = 00E356F91AD99517003FC87E /* APIKeyStoreTests.swift */; };
		00E357041AD99517003FC87E /* OpenAIRequestBuilderTests.swift in Sources */ = {isa = PBXBuildFile; fileRef = 00E356FA1AD99517003FC87E /* OpenAIRequestBuilderTests.swift */; };
		00E357051AD99517003FC87E /* OpenAIResponseParserTests.swift in Sources */ = {isa = PBXBuildFile; fileRef = 00E356FB1AD99517003FC87E /* OpenAIResponseParserTests.swift */; };
		00E357061AD99517003FC87E /* OpenAIStreamEventTranslatorTests.swift in Sources */ = {isa = PBXBuildFile; fileRef = 00E356FC1AD99517003FC87E /* OpenAIStreamEventTranslatorTests.swift */; };
		00E357071AD99517003FC87E /* GeneratedFileCoordinatorTests.swift in Sources */ = {isa = PBXBuildFile; fileRef = 00E356FD1AD99517003FC87E /* GeneratedFileCoordinatorTests.swift */; };
		00E357081AD99517003FC87E /* RepositoryTests.swift in Sources */ = {isa = PBXBuildFile; fileRef = 00E356FE1AD99517003FC87E /* RepositoryTests.swift */; };
		02FB76D317231FE3C3FE9C26 /* SnapshotTestSupport.swift in Sources */ = {isa = PBXBuildFile; fileRef = AEB7DA53CC27898C943EE0C9 /* SnapshotTestSupport.swift */; };
		13B07FBF1A68108700A75B9A /* Images.xcassets in Resources */ = {isa = PBXBuildFile; fileRef = 13B07FB51A68108700A75B9A /* Images.xcassets */; };
		15FE2F91277A79575837BA7F /* GlassGPTUITests.swift in Sources */ = {isa = PBXBuildFile; fileRef = 5CC5500B0A1EE5BC8728B919 /* GlassGPTUITests.swift */; };
		20C8E5953A2C4A9BAA0D2FD1 /* ChatSessionDecisionsTests.swift in Sources */ = {isa = PBXBuildFile; fileRef = 20C8E5943A2C4A9BAA0D2FD1 /* ChatSessionDecisionsTests.swift */; };
		3E461D99554A48A4959DE609 /* SplashScreen.storyboard in Resources */ = {isa = PBXBuildFile; fileRef = AA286B85B6C04FC6940260E9 /* SplashScreen.storyboard */; };
		4E8BF1E10DCE42B1AF301A8C /* OpenAITransportConfigurationTests.swift in Sources */ = {isa = PBXBuildFile; fileRef = 4E8BF1E00DCE42B1AF301A8C /* OpenAITransportConfigurationTests.swift */; };
		5776C307D8D36530E5D5481C /* PrivacyInfo.xcprivacy in Resources */ = {isa = PBXBuildFile; fileRef = 69358B5C464810283E740D47 /* PrivacyInfo.xcprivacy */; };
		A76E6426109752E59235E252 /* Foundation.framework in Frameworks */ = {isa = PBXBuildFile; fileRef = 29704E88068307A76C6154BB /* Foundation.framework */; };
		B3846B13491743A06766F455 /* SnapshotViewTests.swift in Sources */ = {isa = PBXBuildFile; fileRef = 5991E9E08763AFDD43672213 /* SnapshotViewTests.swift */; };
		DC5C06CA6D6493BE30877ED5 /* NativeChat in Frameworks */ = {isa = PBXBuildFile; productRef = 081B1C62D4C7E5F6EC724606 /* NativeChat */; };
		F11748422D0307B40044C1D9 /* AppDelegate.swift in Sources */ = {isa = PBXBuildFile; fileRef = F11748412D0307B40044C1D9 /* AppDelegate.swift */; };
		F21D3F2C00C92231FCCEAA60 /* SnapshotTesting in Frameworks */ = {isa = PBXBuildFile; productRef = 4FA93214B7AA616DF8666A6D /* SnapshotTesting */; };
/* End PBXBuildFile section */

/* Begin PBXContainerItemProxy section */
		00E356F31AD99517003FC87E /* PBXContainerItemProxy */ = {
			isa = PBXContainerItemProxy;
			containerPortal = 83CBB9F71A601CBA00E9B192 /* Project object */;
			proxyType = 1;
			remoteGlobalIDString = 13B07F861A680F5B00A75B9A;
			remoteInfo = GlassGPT;
		};
		1C4BEAC83182A6759C2E7AB4 /* PBXContainerItemProxy */ = {
			isa = PBXContainerItemProxy;
			containerPortal = 83CBB9F71A601CBA00E9B192 /* Project object */;
			proxyType = 1;
			remoteGlobalIDString = 13B07F861A680F5B00A75B9A;
			remoteInfo = GlassGPT;
		};
/* End PBXContainerItemProxy section */

/* Begin PBXFileReference section */
		00E356EE1AD99517003FC87E /* GlassGPTTests.xctest */ = {isa = PBXFileReference; explicitFileType = wrapper.cfbundle; includeInIndex = 0; path = GlassGPTTests.xctest; sourceTree = BUILT_PRODUCTS_DIR; };
		00E356F71AD99517003FC87E /* TestSupport.swift */ = {isa = PBXFileReference; lastKnownFileType = sourcecode.swift; path = TestSupport.swift; sourceTree = "<group>"; };
		00E356F81AD99517003FC87E /* SettingsStoreTests.swift */ = {isa = PBXFileReference; lastKnownFileType = sourcecode.swift; path = SettingsStoreTests.swift; sourceTree = "<group>"; };
		00E356F91AD99517003FC87E /* APIKeyStoreTests.swift */ = {isa = PBXFileReference; lastKnownFileType = sourcecode.swift; path = APIKeyStoreTests.swift; sourceTree = "<group>"; };
		00E356FA1AD99517003FC87E /* OpenAIRequestBuilderTests.swift */ = {isa = PBXFileReference; lastKnownFileType = sourcecode.swift; path = OpenAIRequestBuilderTests.swift; sourceTree = "<group>"; };
		00E356FB1AD99517003FC87E /* OpenAIResponseParserTests.swift */ = {isa = PBXFileReference; lastKnownFileType = sourcecode.swift; path = OpenAIResponseParserTests.swift; sourceTree = "<group>"; };
		00E356FC1AD99517003FC87E /* OpenAIStreamEventTranslatorTests.swift */ = {isa = PBXFileReference; lastKnownFileType = sourcecode.swift; path = OpenAIStreamEventTranslatorTests.swift; sourceTree = "<group>"; };
		00E356FD1AD99517003FC87E /* GeneratedFileCoordinatorTests.swift */ = {isa = PBXFileReference; lastKnownFileType = sourcecode.swift; path = GeneratedFileCoordinatorTests.swift; sourceTree = "<group>"; };
		00E356FE1AD99517003FC87E /* RepositoryTests.swift */ = {isa = PBXFileReference; lastKnownFileType = sourcecode.swift; path = RepositoryTests.swift; sourceTree = "<group>"; };
		13B07F961A680F5B00A75B9A /* GlassGPT.app */ = {isa = PBXFileReference; explicitFileType = wrapper.application; includeInIndex = 0; path = GlassGPT.app; sourceTree = BUILT_PRODUCTS_DIR; };
		13B07FB51A68108700A75B9A /* Images.xcassets */ = {isa = PBXFileReference; lastKnownFileType = folder.assetcatalog; name = Images.xcassets; path = GlassGPT/Images.xcassets; sourceTree = "<group>"; };
		13B07FB61A68108700A75B9A /* Info.plist */ = {isa = PBXFileReference; fileEncoding = 4; lastKnownFileType = text.plist.xml; name = Info.plist; path = GlassGPT/Info.plist; sourceTree = "<group>"; };
		20C8E5943A2C4A9BAA0D2FD1 /* ChatSessionDecisionsTests.swift */ = {isa = PBXFileReference; lastKnownFileType = sourcecode.swift; path = ChatSessionDecisionsTests.swift; sourceTree = "<group>"; };
		29704E88068307A76C6154BB /* Foundation.framework */ = {isa = PBXFileReference; lastKnownFileType = wrapper.framework; name = Foundation.framework; path = Platforms/iPhoneOS.platform/Developer/SDKs/iPhoneOS18.0.sdk/System/Library/Frameworks/Foundation.framework; sourceTree = DEVELOPER_DIR; };
		4E8BF1E00DCE42B1AF301A8C /* OpenAITransportConfigurationTests.swift */ = {isa = PBXFileReference; lastKnownFileType = sourcecode.swift; path = OpenAITransportConfigurationTests.swift; sourceTree = "<group>"; };
		5991E9E08763AFDD43672213 /* SnapshotViewTests.swift */ = {isa = PBXFileReference; includeInIndex = 1; lastKnownFileType = sourcecode.swift; path = SnapshotViewTests.swift; sourceTree = "<group>"; };
		5CC5500B0A1EE5BC8728B919 /* GlassGPTUITests.swift */ = {isa = PBXFileReference; includeInIndex = 1; lastKnownFileType = sourcecode.swift; path = GlassGPTUITests.swift; sourceTree = "<group>"; };
		69358B5C464810283E740D47 /* PrivacyInfo.xcprivacy */ = {isa = PBXFileReference; includeInIndex = 1; lastKnownFileType = text.xml; name = PrivacyInfo.xcprivacy; path = GlassGPT/PrivacyInfo.xcprivacy; sourceTree = "<group>"; };
		A1B2C3D50123456789ABCDE0 /* Versions.xcconfig */ = {isa = PBXFileReference; lastKnownFileType = text.xcconfig; path = Versions.xcconfig; sourceTree = "<group>"; };
		A1B2C3D60123456789ABCDE0 /* Project-Base.xcconfig */ = {isa = PBXFileReference; lastKnownFileType = text.xcconfig; path = "Project-Base.xcconfig"; sourceTree = "<group>"; };
		A1B2C3D70123456789ABCDE0 /* Project-Debug.xcconfig */ = {isa = PBXFileReference; lastKnownFileType = text.xcconfig; path = "Project-Debug.xcconfig"; sourceTree = "<group>"; };
		A1B2C3D80123456789ABCDE0 /* Project-Release.xcconfig */ = {isa = PBXFileReference; lastKnownFileType = text.xcconfig; path = "Project-Release.xcconfig"; sourceTree = "<group>"; };
		A1B2C3D90123456789ABCDE0 /* GlassGPT-Debug.xcconfig */ = {isa = PBXFileReference; lastKnownFileType = text.xcconfig; path = "GlassGPT-Debug.xcconfig"; sourceTree = "<group>"; };
		A1B2C3DA0123456789ABCDE0 /* GlassGPT-Release.xcconfig */ = {isa = PBXFileReference; lastKnownFileType = text.xcconfig; path = "GlassGPT-Release.xcconfig"; sourceTree = "<group>"; };
		A1B2C3DB0123456789ABCDE0 /* GlassGPTTests-Debug.xcconfig */ = {isa = PBXFileReference; lastKnownFileType = text.xcconfig; path = "GlassGPTTests-Debug.xcconfig"; sourceTree = "<group>"; };
		A1B2C3DC0123456789ABCDE0 /* GlassGPTTests-Release.xcconfig */ = {isa = PBXFileReference; lastKnownFileType = text.xcconfig; path = "GlassGPTTests-Release.xcconfig"; sourceTree = "<group>"; };
		A1B2C3DD0123456789ABCDE0 /* GlassGPTUITests-Debug.xcconfig */ = {isa = PBXFileReference; lastKnownFileType = text.xcconfig; path = "GlassGPTUITests-Debug.xcconfig"; sourceTree = "<group>"; };
		A1B2C3DE0123456789ABCDE0 /* GlassGPTUITests-Release.xcconfig */ = {isa = PBXFileReference; lastKnownFileType = text.xcconfig; path = "GlassGPTUITests-Release.xcconfig"; sourceTree = "<group>"; };
		AA286B85B6C04FC6940260E9 /* SplashScreen.storyboard */ = {isa = PBXFileReference; fileEncoding = 4; lastKnownFileType = file.storyboard; name = SplashScreen.storyboard; path = GlassGPT/SplashScreen.storyboard; sourceTree = "<group>"; };
		AEB7DA53CC27898C943EE0C9 /* SnapshotTestSupport.swift */ = {isa = PBXFileReference; includeInIndex = 1; lastKnownFileType = sourcecode.swift; path = SnapshotTestSupport.swift; sourceTree = "<group>"; };
		C7ACDF5CA685EC3D93FE2FC6 /* GlassGPTUITests.xctest */ = {isa = PBXFileReference; explicitFileType = wrapper.cfbundle; includeInIndex = 0; path = GlassGPTUITests.xctest; sourceTree = BUILT_PRODUCTS_DIR; };
		F11748412D0307B40044C1D9 /* AppDelegate.swift */ = {isa = PBXFileReference; lastKnownFileType = sourcecode.swift; name = AppDelegate.swift; path = GlassGPT/AppDelegate.swift; sourceTree = "<group>"; };
/* End PBXFileReference section */

/* Begin PBXFrameworksBuildPhase section */
		00E356F01AD99517003FC87E /* Frameworks */ = {
			isa = PBXFrameworksBuildPhase;
			buildActionMask = 2147483647;
			files = (
				00E357001AD99517003FC87E /* NativeChat in Frameworks */,
				F21D3F2C00C92231FCCEAA60 /* SnapshotTesting in Frameworks */,
			);
			runOnlyForDeploymentPostprocessing = 0;
		};
		13B07F8C1A680F5B00A75B9A /* Frameworks */ = {
			isa = PBXFrameworksBuildPhase;
			buildActionMask = 2147483647;
			files = (
				DC5C06CA6D6493BE30877ED5 /* NativeChat in Frameworks */,
			);
			runOnlyForDeploymentPostprocessing = 0;
		};
		8B4FFFA835FD12ABAC2C59A2 /* Frameworks */ = {
			isa = PBXFrameworksBuildPhase;
			buildActionMask = 2147483647;
			files = (
				A76E6426109752E59235E252 /* Foundation.framework in Frameworks */,
			);
			runOnlyForDeploymentPostprocessing = 0;
		};
/* End PBXFrameworksBuildPhase section */

/* Begin PBXGroup section */
		00E356EF1AD99517003FC87E /* ../modules/native-chat/Tests/NativeChatTests */ = {
			isa = PBXGroup;
			children = (
				00E356F71AD99517003FC87E /* TestSupport.swift */,
				00E356F81AD99517003FC87E /* SettingsStoreTests.swift */,
				00E356F91AD99517003FC87E /* APIKeyStoreTests.swift */,
				00E356FA1AD99517003FC87E /* OpenAIRequestBuilderTests.swift */,
				00E356FB1AD99517003FC87E /* OpenAIResponseParserTests.swift */,
				00E356FC1AD99517003FC87E /* OpenAIStreamEventTranslatorTests.swift */,
				00E356FD1AD99517003FC87E /* GeneratedFileCoordinatorTests.swift */,
				00E356FE1AD99517003FC87E /* RepositoryTests.swift */,
				4E8BF1E00DCE42B1AF301A8C /* OpenAITransportConfigurationTests.swift */,
				20C8E5943A2C4A9BAA0D2FD1 /* ChatSessionDecisionsTests.swift */,
				AEB7DA53CC27898C943EE0C9 /* SnapshotTestSupport.swift */,
				5991E9E08763AFDD43672213 /* SnapshotViewTests.swift */,
			);
			path = "../modules/native-chat/Tests/NativeChatTests";
			sourceTree = SOURCE_ROOT;
		};
		13B07FAE1A68108700A75B9A /* GlassGPT */ = {
			isa = PBXGroup;
			children = (
				F11748412D0307B40044C1D9 /* AppDelegate.swift */,
				13B07FB51A68108700A75B9A /* Images.xcassets */,
				13B07FB61A68108700A75B9A /* Info.plist */,
				AA286B85B6C04FC6940260E9 /* SplashScreen.storyboard */,
				69358B5C464810283E740D47 /* PrivacyInfo.xcprivacy */,
				A1B2C3D40123456789ABCDE0 /* GlassGPT/Config */,
			);
			name = GlassGPT;
			sourceTree = "<group>";
		};
		2D16E6871FA4F8E400B85C8A /* Frameworks */ = {
			isa = PBXGroup;
			children = (
				A83EB0352810DCBD42AFF000 /* iOS */,
			);
			name = Frameworks;
			sourceTree = "<group>";
		};
		832341AE1AAA6A7D00B99B32 /* Libraries */ = {
			isa = PBXGroup;
			children = (
			);
			name = Libraries;
			sourceTree = "<group>";
		};
		83CBB9F61A601CBA00E9B192 = {
			isa = PBXGroup;
			children = (
				13B07FAE1A68108700A75B9A /* GlassGPT */,
				00E356EF1AD99517003FC87E /* ../modules/native-chat/Tests/NativeChatTests */,
				832341AE1AAA6A7D00B99B32 /* Libraries */,
				83CBBA001A601CBA00E9B192 /* Products */,
				2D16E6871FA4F8E400B85C8A /* Frameworks */,
				BA5D2C92314BC8FFDCDE8238 /* GlassGPTUITests */,
			);
			indentWidth = 2;
			sourceTree = "<group>";
			tabWidth = 2;
			usesTabs = 0;
		};
		83CBBA001A601CBA00E9B192 /* Products */ = {
			isa = PBXGroup;
			children = (
				13B07F961A680F5B00A75B9A /* GlassGPT.app */,
				00E356EE1AD99517003FC87E /* GlassGPTTests.xctest */,
				C7ACDF5CA685EC3D93FE2FC6 /* GlassGPTUITests.xctest */,
			);
			name = Products;
			sourceTree = "<group>";
		};
		A1B2C3D40123456789ABCDE0 /* GlassGPT/Config */ = {
			isa = PBXGroup;
			children = (
				A1B2C3D50123456789ABCDE0 /* Versions.xcconfig */,
				A1B2C3D60123456789ABCDE0 /* Project-Base.xcconfig */,
				A1B2C3D70123456789ABCDE0 /* Project-Debug.xcconfig */,
				A1B2C3D80123456789ABCDE0 /* Project-Release.xcconfig */,
				A1B2C3D90123456789ABCDE0 /* GlassGPT-Debug.xcconfig */,
				A1B2C3DA0123456789ABCDE0 /* GlassGPT-Release.xcconfig */,
				A1B2C3DB0123456789ABCDE0 /* GlassGPTTests-Debug.xcconfig */,
				A1B2C3DC0123456789ABCDE0 /* GlassGPTTests-Release.xcconfig */,
				A1B2C3DD0123456789ABCDE0 /* GlassGPTUITests-Debug.xcconfig */,
				A1B2C3DE0123456789ABCDE0 /* GlassGPTUITests-Release.xcconfig */,
			);
			path = GlassGPT/Config;
			sourceTree = "<group>";
		};
		A83EB0352810DCBD42AFF000 /* iOS */ = {
			isa = PBXGroup;
			children = (
				29704E88068307A76C6154BB /* Foundation.framework */,
			);
			name = iOS;
			sourceTree = "<group>";
		};
		BA5D2C92314BC8FFDCDE8238 /* GlassGPTUITests */ = {
			isa = PBXGroup;
			children = (
				5CC5500B0A1EE5BC8728B919 /* GlassGPTUITests.swift */,
			);
			path = GlassGPTUITests;
			sourceTree = "<group>";
		};
/* End PBXGroup section */

/* Begin PBXNativeTarget section */
		00E356ED1AD99517003FC87E /* GlassGPTTests */ = {
			isa = PBXNativeTarget;
			buildConfigurationList = 00E356EC1AD99517003FC87E /* Build configuration list for PBXNativeTarget "GlassGPTTests" */;
			buildPhases = (
				00E356F11AD99517003FC87E /* Sources */,
				00E356F01AD99517003FC87E /* Frameworks */,
				00E356F21AD99517003FC87E /* Resources */,
			);
			buildRules = (
			);
			dependencies = (
				00E356F41AD99517003FC87E /* PBXTargetDependency */,
			);
			name = GlassGPTTests;
			packageProductDependencies = (
				081B1C62D4C7E5F6EC724606 /* NativeChat */,
				4FA93214B7AA616DF8666A6D /* SnapshotTesting */,
			);
			productName = GlassGPTTests;
			productReference = 00E356EE1AD99517003FC87E /* GlassGPTTests.xctest */;
			productType = "com.apple.product-type.bundle.unit-test";
		};
		13B07F861A680F5B00A75B9A /* GlassGPT */ = {
			isa = PBXNativeTarget;
			buildConfigurationList = 13B07F931A680F5B00A75B9A /* Build configuration list for PBXNativeTarget "GlassGPT" */;
			buildPhases = (
				13B07F871A680F5B00A75B9A /* Sources */,
				13B07F8C1A680F5B00A75B9A /* Frameworks */,
				13B07F8E1A680F5B00A75B9A /* Resources */,
			);
			buildRules = (
			);
			dependencies = (
			);
			name = GlassGPT;
			packageProductDependencies = (
				081B1C62D4C7E5F6EC724606 /* NativeChat */,
			);
			productName = GlassGPT;
			productReference = 13B07F961A680F5B00A75B9A /* GlassGPT.app */;
			productType = "com.apple.product-type.application";
		};
		8D6D859798356320BBD2B074 /* GlassGPTUITests */ = {
			isa = PBXNativeTarget;
			buildConfigurationList = 7F1D4CA8182A944400A23D86 /* Build configuration list for PBXNativeTarget "GlassGPTUITests" */;
			buildPhases = (
				BD629C5E97FD54A516424697 /* Sources */,
				8B4FFFA835FD12ABAC2C59A2 /* Frameworks */,
				24FA160CC206252D05100BE0 /* Resources */,
			);
			buildRules = (
			);
			dependencies = (
				265CD0209D4AAA07495D2E7D /* PBXTargetDependency */,
			);
			name = GlassGPTUITests;
			productName = GlassGPTUITests;
			productReference = C7ACDF5CA685EC3D93FE2FC6 /* GlassGPTUITests.xctest */;
			productType = "com.apple.product-type.bundle.ui-testing";
		};
/* End PBXNativeTarget section */

/* Begin PBXProject section */
		83CBB9F71A601CBA00E9B192 /* Project object */ = {
			isa = PBXProject;
			attributes = {
				BuildIndependentTargetsInParallel = YES;
				LastUpgradeCheck = 2630;
				TargetAttributes = {
					00E356ED1AD99517003FC87E = {
						CreatedOnToolsVersion = 16.0;
						TestTargetID = 13B07F861A680F5B00A75B9A;
					};
					13B07F861A680F5B00A75B9A = {
						LastSwiftMigration = 1250;
					};
					8D6D859798356320BBD2B074 = {
						CreatedOnToolsVersion = 16.0;
						TestTargetID = 13B07F861A680F5B00A75B9A;
					};
				};
			};
			buildConfigurationList = 83CBB9FA1A601CBA00E9B192 /* Build configuration list for PBXProject "GlassGPT" */;
			compatibilityVersion = "Xcode 3.2";
			developmentRegion = en;
			hasScannedForEncodings = 0;
			knownRegions = (
				en,
				Base,
			);
			mainGroup = 83CBB9F61A601CBA00E9B192;
			packageReferences = (
				7AC00F0D6B5AC673A4D44A7B /* XCLocalSwiftPackageReference "../modules/native-chat" */,
				A0CB518C08B10B4C0AD51712 /* XCRemoteSwiftPackageReference "swift-snapshot-testing" */,
			);
			productRefGroup = 83CBBA001A601CBA00E9B192 /* Products */;
			projectDirPath = "";
			projectRoot = "";
			targets = (
				00E356ED1AD99517003FC87E /* GlassGPTTests */,
				13B07F861A680F5B00A75B9A /* GlassGPT */,
				8D6D859798356320BBD2B074 /* GlassGPTUITests */,
			);
		};
/* End PBXProject section */

/* Begin PBXResourcesBuildPhase section */
		00E356F21AD99517003FC87E /* Resources */ = {
			isa = PBXResourcesBuildPhase;
			buildActionMask = 2147483647;
			files = (
			);
			runOnlyForDeploymentPostprocessing = 0;
		};
		13B07F8E1A680F5B00A75B9A /* Resources */ = {
			isa = PBXResourcesBuildPhase;
			buildActionMask = 2147483647;
			files = (
				13B07FBF1A68108700A75B9A /* Images.xcassets in Resources */,
				3E461D99554A48A4959DE609 /* SplashScreen.storyboard in Resources */,
				5776C307D8D36530E5D5481C /* PrivacyInfo.xcprivacy in Resources */,
			);
			runOnlyForDeploymentPostprocessing = 0;
		};
		24FA160CC206252D05100BE0 /* Resources */ = {
			isa = PBXResourcesBuildPhase;
			buildActionMask = 2147483647;
			files = (
			);
			runOnlyForDeploymentPostprocessing = 0;
		};
/* End PBXResourcesBuildPhase section */

/* Begin PBXSourcesBuildPhase section */
		00E356F11AD99517003FC87E /* Sources */ = {
			isa = PBXSourcesBuildPhase;
			buildActionMask = 2147483647;
			files = (
				00E357031AD99517003FC87E /* APIKeyStoreTests.swift in Sources */,
				00E357071AD99517003FC87E /* GeneratedFileCoordinatorTests.swift in Sources */,
				00E357041AD99517003FC87E /* OpenAIRequestBuilderTests.swift in Sources */,
				00E357051AD99517003FC87E /* OpenAIResponseParserTests.swift in Sources */,
				00E357061AD99517003FC87E /* OpenAIStreamEventTranslatorTests.swift in Sources */,
				00E357081AD99517003FC87E /* RepositoryTests.swift in Sources */,
				4E8BF1E10DCE42B1AF301A8C /* OpenAITransportConfigurationTests.swift in Sources */,
				20C8E5953A2C4A9BAA0D2FD1 /* ChatSessionDecisionsTests.swift in Sources */,
				00E357021AD99517003FC87E /* SettingsStoreTests.swift in Sources */,
				00E357011AD99517003FC87E /* TestSupport.swift in Sources */,
				02FB76D317231FE3C3FE9C26 /* SnapshotTestSupport.swift in Sources */,
				B3846B13491743A06766F455 /* SnapshotViewTests.swift in Sources */,
			);
			runOnlyForDeploymentPostprocessing = 0;
		};
		13B07F871A680F5B00A75B9A /* Sources */ = {
			isa = PBXSourcesBuildPhase;
			buildActionMask = 2147483647;
			files = (
				F11748422D0307B40044C1D9 /* AppDelegate.swift in Sources */,
			);
			runOnlyForDeploymentPostprocessing = 0;
		};
		BD629C5E97FD54A516424697 /* Sources */ = {
			isa = PBXSourcesBuildPhase;
			buildActionMask = 2147483647;
			files = (
				15FE2F91277A79575837BA7F /* GlassGPTUITests.swift in Sources */,
			);
			runOnlyForDeploymentPostprocessing = 0;
		};
/* End PBXSourcesBuildPhase section */

/* Begin PBXTargetDependency section */
		00E356F41AD99517003FC87E /* PBXTargetDependency */ = {
			isa = PBXTargetDependency;
			target = 13B07F861A680F5B00A75B9A /* GlassGPT */;
			targetProxy = 00E356F31AD99517003FC87E /* PBXContainerItemProxy */;
		};
		265CD0209D4AAA07495D2E7D /* PBXTargetDependency */ = {
			isa = PBXTargetDependency;
			name = GlassGPT;
			target = 13B07F861A680F5B00A75B9A /* GlassGPT */;
			targetProxy = 1C4BEAC83182A6759C2E7AB4 /* PBXContainerItemProxy */;
		};
/* End PBXTargetDependency section */

/* Begin XCBuildConfiguration section */
		00E356F51AD99517003FC87E /* Debug */ = {
			isa = XCBuildConfiguration;
			baseConfigurationReference = A1B2C3DB0123456789ABCDE0 /* GlassGPTTests-Debug.xcconfig */;
			buildSettings = {
			};
			name = Debug;
		};
		00E356F61AD99517003FC87E /* Release */ = {
			isa = XCBuildConfiguration;
			baseConfigurationReference = A1B2C3DC0123456789ABCDE0 /* GlassGPTTests-Release.xcconfig */;
			buildSettings = {
			};
			name = Release;
		};
		13B07F941A680F5B00A75B9A /* Debug */ = {
			isa = XCBuildConfiguration;
			baseConfigurationReference = A1B2C3D90123456789ABCDE0 /* GlassGPT-Debug.xcconfig */;
			buildSettings = {
			};
			name = Debug;
		};
		13B07F951A680F5B00A75B9A /* Release */ = {
			isa = XCBuildConfiguration;
			baseConfigurationReference = A1B2C3DA0123456789ABCDE0 /* GlassGPT-Release.xcconfig */;
			buildSettings = {
			};
			name = Release;
		};
		313E863CBD7AD046AA3D34B0 /* Debug */ = {
			isa = XCBuildConfiguration;
			baseConfigurationReference = A1B2C3DD0123456789ABCDE0 /* GlassGPTUITests-Debug.xcconfig */;
			buildSettings = {
			};
			name = Debug;
		};
		3F0DEF80ADF01615A637E328 /* Release */ = {
			isa = XCBuildConfiguration;
			baseConfigurationReference = A1B2C3DE0123456789ABCDE0 /* GlassGPTUITests-Release.xcconfig */;
			buildSettings = {
			};
			name = Release;
		};
		83CBBA201A601CBA00E9B192 /* Debug */ = {
			isa = XCBuildConfiguration;
			baseConfigurationReference = A1B2C3D70123456789ABCDE0 /* Project-Debug.xcconfig */;
			buildSettings = {
			};
			name = Debug;
		};
		83CBBA211A601CBA00E9B192 /* Release */ = {
			isa = XCBuildConfiguration;
			baseConfigurationReference = A1B2C3D80123456789ABCDE0 /* Project-Release.xcconfig */;
			buildSettings = {
			};
			name = Release;
		};
/* End XCBuildConfiguration section */

/* Begin XCConfigurationList section */
		00E356EC1AD99517003FC87E /* Build configuration list for PBXNativeTarget "GlassGPTTests" */ = {
			isa = XCConfigurationList;
			buildConfigurations = (
				00E356F51AD99517003FC87E /* Debug */,
				00E356F61AD99517003FC87E /* Release */,
			);
			defaultConfigurationIsVisible = 0;
			defaultConfigurationName = Release;
		};
		13B07F931A680F5B00A75B9A /* Build configuration list for PBXNativeTarget "GlassGPT" */ = {
			isa = XCConfigurationList;
			buildConfigurations = (
				13B07F941A680F5B00A75B9A /* Debug */,
				13B07F951A680F5B00A75B9A /* Release */,
			);
			defaultConfigurationIsVisible = 0;
			defaultConfigurationName = Release;
		};
		7F1D4CA8182A944400A23D86 /* Build configuration list for PBXNativeTarget "GlassGPTUITests" */ = {
			isa = XCConfigurationList;
			buildConfigurations = (
				3F0DEF80ADF01615A637E328 /* Release */,
				313E863CBD7AD046AA3D34B0 /* Debug */,
			);
			defaultConfigurationIsVisible = 0;
			defaultConfigurationName = Release;
		};
		83CBB9FA1A601CBA00E9B192 /* Build configuration list for PBXProject "GlassGPT" */ = {
			isa = XCConfigurationList;
			buildConfigurations = (
				83CBBA201A601CBA00E9B192 /* Debug */,
				83CBBA211A601CBA00E9B192 /* Release */,
			);
			defaultConfigurationIsVisible = 0;
			defaultConfigurationName = Release;
		};
/* End XCConfigurationList section */

/* Begin XCLocalSwiftPackageReference section */
		7AC00F0D6B5AC673A4D44A7B /* XCLocalSwiftPackageReference "../modules/native-chat" */ = {
			isa = XCLocalSwiftPackageReference;
			relativePath = "../modules/native-chat";
		};
/* End XCLocalSwiftPackageReference section */

/* Begin XCRemoteSwiftPackageReference section */
		A0CB518C08B10B4C0AD51712 /* XCRemoteSwiftPackageReference "swift-snapshot-testing" */ = {
			isa = XCRemoteSwiftPackageReference;
			repositoryURL = "https://github.com/pointfreeco/swift-snapshot-testing";
			requirement = {
				kind = upToNextMajorVersion;
				minimumVersion = 1.17.0;
			};
		};
/* End XCRemoteSwiftPackageReference section */

/* Begin XCSwiftPackageProductDependency section */
		081B1C62D4C7E5F6EC724606 /* NativeChat */ = {
			isa = XCSwiftPackageProductDependency;
			package = 7AC00F0D6B5AC673A4D44A7B /* XCLocalSwiftPackageReference "../modules/native-chat" */;
			productName = NativeChat;
		};
		4FA93214B7AA616DF8666A6D /* SnapshotTesting */ = {
			isa = XCSwiftPackageProductDependency;
			package = A0CB518C08B10B4C0AD51712 /* XCRemoteSwiftPackageReference "swift-snapshot-testing" */;
			productName = SnapshotTesting;
		};
/* End XCSwiftPackageProductDependency section */
	};
	rootObject = 83CBB9F71A601CBA00E9B192 /* Project object */;
}
